
Microsoft Visual Studio Solution File, Format Version 12.00
# Visual Studio Version 16
VisualStudioVersion = 16.0.31424.327
MinimumVisualStudioVersion = 10.0.40219.1
Project("{9A19103F-16F7-4668-BE54-9A1E7A4F7556}") = "ConsoleApp2", "ConsoleApp2.csproj", "{F3104B7A-DC56-4325-82BD-71E171F9E7D0}"
EndProject
Project("{FAE04EC0-301F-11D3-BF4B-00C04F79EFBC}") = "MusicTones", "..\MusicTones\MusicTones.csproj", "{4D046196-8D8A-409C-8576-D7FAA07AFF2D}"
EndProject
Project("{FAE04EC0-301F-11D3-BF4B-00C04F79EFBC}") = "ConsoleColors", "..\ConsoleColors\ConsoleColors.csproj", "{0FB7871B-B2E0-4A62-B26E-82975E9EE33A}"
EndProject
Global
	GlobalSection(SolutionConfigurationPlatforms) = preSolution
		Debug|Any CPU = Debug|Any CPU
		Release|Any CPU = Release|Any CPU
	EndGlobalSection
	GlobalSection(ProjectConfigurationPlatforms) = postSolution
		{F3104B7A-DC56-4325-82BD-71E171F9E7D0}.Debug|Any CPU.ActiveCfg = Debug|Any CPU
		{F3104B7A-DC56-4325-82BD-71E171F9E7D0}.Debug|Any CPU.Build.0 = Debug|Any CPU
		{F3104B7A-DC56-4325-82BD-71E171F9E7D0}.Release|Any CPU.ActiveCfg = Release|Any CPU
		{F3104B7A-DC56-4325-82BD-71E171F9E7D0}.Release|Any CPU.Build.0 = Release|Any CPU
		{4D046196-8D8A-409C-8576-D7FAA07AFF2D}.Debug|Any CPU.ActiveCfg = Debug|Any CPU
		{4D046196-8D8A-409C-8576-D7FAA07AFF2D}.Debug|Any CPU.Build.0 = Debug|Any CPU
		{4D046196-8D8A-409C-8576-D7FAA07AFF2D}.Release|Any CPU.ActiveCfg = Release|Any CPU
		{4D046196-8D8A-409C-8576-D7FAA07AFF2D}.Release|Any CPU.Build.0 = Release|Any CPU
		{0FB7871B-B2E0-4A62-B26E-82975E9EE33A}.Debug|Any CPU.ActiveCfg = Debug|Any CPU
		{0FB7871B-B2E0-4A62-B26E-82975E9EE33A}.Debug|Any CPU.Build.0 = Debug|Any CPU
		{0FB7871B-B2E0-4A62-B26E-82975E9EE33A}.Release|Any CPU.ActiveCfg = Release|Any CPU
		{0FB7871B-B2E0-4A62-B26E-82975E9EE33A}.Release|Any CPU.Build.0 = Release|Any CPU
	EndGlobalSection
	GlobalSection(SolutionProperties) = preSolution
		HideSolutionNode = FALSE
	EndGlobalSection
	GlobalSection(ExtensibilityGlobals) = postSolution
		SolutionGuid = {80DBC3AE-DF16-463B-A596-0A530C03C9B6}
	EndGlobalSection
EndGlobal
